
Microsoft Visual Studio Solution File, Format Version 12.00
# Visual Studio 15
VisualStudioVersion = 15.0.28307.329
MinimumVisualStudioVersion = 10.0.40219.1
Project("{FAE04EC0-301F-11D3-BF4B-00C04F79EFBC}") = "Arquitetura de Computadores UFPR", "Arquitetura de Computadores UFPR.csproj", "{A13D5292-38E1-4987-895E-54EF8627A781}"
EndProject
Global
	GlobalSection(SolutionConfigurationPlatforms) = preSolution
		Debug|Any CPU = Debug|Any CPU
		Release|Any CPU = Release|Any CPU
	EndGlobalSection
	GlobalSection(ProjectConfigurationPlatforms) = postSolution
		{A13D5292-38E1-4987-895E-54EF8627A781}.Debug|Any CPU.ActiveCfg = Debug|Any CPU
		{A13D5292-38E1-4987-895E-54EF8627A781}.Debug|Any CPU.Build.0 = Debug|Any CPU
		{A13D5292-38E1-4987-895E-54EF8627A781}.Release|Any CPU.ActiveCfg = Release|Any CPU
		{A13D5292-38E1-4987-895E-54EF8627A781}.Release|Any CPU.Build.0 = Release|Any CPU
	EndGlobalSection
	GlobalSection(SolutionProperties) = preSolution
		HideSolutionNode = FALSE
	EndGlobalSection
	GlobalSection(ExtensibilityGlobals) = postSolution
		SolutionGuid = {F8E532A0-6F4F-46B4-9A81-8E9B73847B7B}
	EndGlobalSection
EndGlobal
